
Microsoft Visual Studio Solution File, Format Version 12.00
# Visual Studio Version 17
VisualStudioVersion = 17.0.32112.339
MinimumVisualStudioVersion = 10.0.40219.1
Project("{FAE04EC0-301F-11D3-BF4B-00C04F79EFBC}") = "SRP", "SRP\SRP.csproj", "{17E45872-CB23-4769-95D4-F2AC3A7BEDFE}"
EndProject
Project("{2150E333-8FDC-42A3-9474-1A3956D46DE8}") = "Solution Items", "Solution Items", "{885EA204-FF72-4798-808E-C9929A97ED00}"
	ProjectSection(SolutionItems) = preProject
		Introduction.md = Introduction.md
	EndProjectSection
EndProject
Global
	GlobalSection(SolutionConfigurationPlatforms) = preSolution
		Debug|Any CPU = Debug|Any CPU
		Release|Any CPU = Release|Any CPU
	EndGlobalSection
	GlobalSection(ProjectConfigurationPlatforms) = postSolution
		{17E45872-CB23-4769-95D4-F2AC3A7BEDFE}.Debug|Any CPU.ActiveCfg = Debug|Any CPU
		{17E45872-CB23-4769-95D4-F2AC3A7BEDFE}.Debug|Any CPU.Build.0 = Debug|Any CPU
		{17E45872-CB23-4769-95D4-F2AC3A7BEDFE}.Release|Any CPU.ActiveCfg = Release|Any CPU
		{17E45872-CB23-4769-95D4-F2AC3A7BEDFE}.Release|Any CPU.Build.0 = Release|Any CPU
	EndGlobalSection
	GlobalSection(SolutionProperties) = preSolution
		HideSolutionNode = FALSE
	EndGlobalSection
	GlobalSection(ExtensibilityGlobals) = postSolution
		SolutionGuid = {30AE607F-7F15-47D4-ADB4-16C9F391E3B6}
	EndGlobalSection
EndGlobal
